// !$*UTF8*$!
{
	archiveVersion = 1;
	classes = {
	};
	objectVersion = 46;
	objects = {

/* Begin PBXBuildFile section */
		F51CAFD81AAF9B7B00F3A803 /* HornetTests.m in Sources */ = {isa = PBXBuildFile; fileRef = F51CAFD71AAF9B7B00F3A803 /* HornetTests.m */; };
		F51CAFED1AAF9BB300F3A803 /* AppDelegate.m in Sources */ = {isa = PBXBuildFile; fileRef = F51CAFE21AAF9BB300F3A803 /* AppDelegate.m */; };
		F51CAFEE1AAF9BB300F3A803 /* LaunchScreen.xib in Resources */ = {isa = PBXBuildFile; fileRef = F51CAFE41AAF9BB300F3A803 /* LaunchScreen.xib */; };
		F51CAFEF1AAF9BB300F3A803 /* Main.storyboard in Resources */ = {isa = PBXBuildFile; fileRef = F51CAFE61AAF9BB300F3A803 /* Main.storyboard */; };
		F51CAFF01AAF9BB300F3A803 /* Images.xcassets in Resources */ = {isa = PBXBuildFile; fileRef = F51CAFE81AAF9BB300F3A803 /* Images.xcassets */; };
		F51CAFF11AAF9BB300F3A803 /* Info.plist in Resources */ = {isa = PBXBuildFile; fileRef = F51CAFE91AAF9BB300F3A803 /* Info.plist */; };
		F51CAFF21AAF9BB300F3A803 /* main.m in Sources */ = {isa = PBXBuildFile; fileRef = F51CAFEA1AAF9BB300F3A803 /* main.m */; };
		F51CAFF31AAF9BB300F3A803 /* ViewController.m in Sources */ = {isa = PBXBuildFile; fileRef = F51CAFEC1AAF9BB300F3A803 /* ViewController.m */; };
		F51CAFF71AAF9C1800F3A803 /* Hornet.m in Sources */ = {isa = PBXBuildFile; fileRef = F51CAFF61AAF9C1800F3A803 /* Hornet.m */; };
		F51CAFFA1AAF9CE800F3A803 /* NSObject+Properties.m in Sources */ = {isa = PBXBuildFile; fileRef = F51CAFF91AAF9CE800F3A803 /* NSObject+Properties.m */; };
		F51CAFFC1AAF9D3B00F3A803 /* NSObject+PropertiesTests.m in Sources */ = {isa = PBXBuildFile; fileRef = F51CAFFB1AAF9D3B00F3A803 /* NSObject+PropertiesTests.m */; };
		F51CAFFF1AAFA4E700F3A803 /* HornetCore.m in Sources */ = {isa = PBXBuildFile; fileRef = F51CAFFE1AAFA4E700F3A803 /* HornetCore.m */; };
		F51CB0011AAFA80900F3A803 /* HornetCoreTests.m in Sources */ = {isa = PBXBuildFile; fileRef = F51CB0001AAFA80900F3A803 /* HornetCoreTests.m */; };
/* End PBXBuildFile section */

/* Begin PBXContainerItemProxy section */
		F51CAFD21AAF9B7B00F3A803 /* PBXContainerItemProxy */ = {
			isa = PBXContainerItemProxy;
			containerPortal = F51CAFB01AAF9B7B00F3A803 /* Project object */;
			proxyType = 1;
			remoteGlobalIDString = F51CAFB71AAF9B7B00F3A803;
			remoteInfo = Hornet;
		};
/* End PBXContainerItemProxy section */

/* Begin PBXFileReference section */
		F51CAFB81AAF9B7B00F3A803 /* Hornet.app */ = {isa = PBXFileReference; explicitFileType = wrapper.application; includeInIndex = 0; path = Hornet.app; sourceTree = BUILT_PRODUCTS_DIR; };
		F51CAFD11AAF9B7B00F3A803 /* HornetTests.xctest */ = {isa = PBXFileReference; explicitFileType = wrapper.cfbundle; includeInIndex = 0; path = HornetTests.xctest; sourceTree = BUILT_PRODUCTS_DIR; };
		F51CAFD61AAF9B7B00F3A803 /* Info.plist */ = {isa = PBXFileReference; lastKnownFileType = text.plist.xml; path = Info.plist; sourceTree = "<group>"; };
		F51CAFD71AAF9B7B00F3A803 /* HornetTests.m */ = {isa = PBXFileReference; lastKnownFileType = sourcecode.c.objc; path = HornetTests.m; sourceTree = "<group>"; };
		F51CAFE11AAF9BB300F3A803 /* AppDelegate.h */ = {isa = PBXFileReference; fileEncoding = 4; lastKnownFileType = sourcecode.c.h; name = AppDelegate.h; path = HornetApp/AppDelegate.h; sourceTree = SOURCE_ROOT; };
		F51CAFE21AAF9BB300F3A803 /* AppDelegate.m */ = {isa = PBXFileReference; fileEncoding = 4; lastKnownFileType = sourcecode.c.objc; name = AppDelegate.m; path = HornetApp/AppDelegate.m; sourceTree = SOURCE_ROOT; };
		F51CAFE51AAF9BB300F3A803 /* Base */ = {isa = PBXFileReference; lastKnownFileType = file.xib; name = Base; path = LaunchScreen.xib; sourceTree = "<group>"; };
		F51CAFE71AAF9BB300F3A803 /* Base */ = {isa = PBXFileReference; lastKnownFileType = file.storyboard; name = Base; path = Main.storyboard; sourceTree = "<group>"; };
		F51CAFE81AAF9BB300F3A803 /* Images.xcassets */ = {isa = PBXFileReference; lastKnownFileType = folder.assetcatalog; name = Images.xcassets; path = HornetApp/Images.xcassets; sourceTree = SOURCE_ROOT; };
		F51CAFE91AAF9BB300F3A803 /* Info.plist */ = {isa = PBXFileReference; fileEncoding = 4; lastKnownFileType = text.plist.xml; name = Info.plist; path = HornetApp/Info.plist; sourceTree = SOURCE_ROOT; };
		F51CAFEA1AAF9BB300F3A803 /* main.m */ = {isa = PBXFileReference; fileEncoding = 4; lastKnownFileType = sourcecode.c.objc; name = main.m; path = HornetApp/main.m; sourceTree = SOURCE_ROOT; };
		F51CAFEB1AAF9BB300F3A803 /* ViewController.h */ = {isa = PBXFileReference; fileEncoding = 4; lastKnownFileType = sourcecode.c.h; name = ViewController.h; path = HornetApp/ViewController.h; sourceTree = SOURCE_ROOT; };
		F51CAFEC1AAF9BB300F3A803 /* ViewController.m */ = {isa = PBXFileReference; fileEncoding = 4; lastKnownFileType = sourcecode.c.objc; name = ViewController.m; path = HornetApp/ViewController.m; sourceTree = SOURCE_ROOT; };
		F51CAFF51AAF9C1800F3A803 /* Hornet.h */ = {isa = PBXFileReference; fileEncoding = 4; lastKnownFileType = sourcecode.c.h; name = Hornet.h; path = Hornet/Hornet.h; sourceTree = "<group>"; };
		F51CAFF61AAF9C1800F3A803 /* Hornet.m */ = {isa = PBXFileReference; fileEncoding = 4; lastKnownFileType = sourcecode.c.objc; name = Hornet.m; path = Hornet/Hornet.m; sourceTree = "<group>"; };
		F51CAFF81AAF9CE800F3A803 /* NSObject+Properties.h */ = {isa = PBXFileReference; fileEncoding = 4; lastKnownFileType = sourcecode.c.h; name = "NSObject+Properties.h"; path = "Hornet/NSObject+Properties.h"; sourceTree = "<group>"; };
		F51CAFF91AAF9CE800F3A803 /* NSObject+Properties.m */ = {isa = PBXFileReference; fileEncoding = 4; lastKnownFileType = sourcecode.c.objc; name = "NSObject+Properties.m"; path = "Hornet/NSObject+Properties.m"; sourceTree = "<group>"; };
		F51CAFFB1AAF9D3B00F3A803 /* NSObject+PropertiesTests.m */ = {isa = PBXFileReference; fileEncoding = 4; lastKnownFileType = sourcecode.c.objc; path = "NSObject+PropertiesTests.m"; sourceTree = "<group>"; };
		F51CAFFD1AAFA4E700F3A803 /* HornetCore.h */ = {isa = PBXFileReference; fileEncoding = 4; lastKnownFileType = sourcecode.c.h; name = HornetCore.h; path = Hornet/HornetCore.h; sourceTree = "<group>"; };
		F51CAFFE1AAFA4E700F3A803 /* HornetCore.m */ = {isa = PBXFileReference; fileEncoding = 4; lastKnownFileType = sourcecode.c.objc; name = HornetCore.m; path = Hornet/HornetCore.m; sourceTree = "<group>"; };
		F51CB0001AAFA80900F3A803 /* HornetCoreTests.m */ = {isa = PBXFileReference; fileEncoding = 4; lastKnownFileType = sourcecode.c.objc; path = HornetCoreTests.m; sourceTree = "<group>"; };
/* End PBXFileReference section */

/* Begin PBXFrameworksBuildPhase section */
		F51CAFB51AAF9B7B00F3A803 /* Frameworks */ = {
			isa = PBXFrameworksBuildPhase;
			buildActionMask = 2147483647;
			files = (
			);
			runOnlyForDeploymentPostprocessing = 0;
		};
		F51CAFCE1AAF9B7B00F3A803 /* Frameworks */ = {
			isa = PBXFrameworksBuildPhase;
			buildActionMask = 2147483647;
			files = (
			);
			runOnlyForDeploymentPostprocessing = 0;
		};
/* End PBXFrameworksBuildPhase section */

/* Begin PBXGroup section */
		F51CAFAF1AAF9B7B00F3A803 = {
			isa = PBXGroup;
			children = (
				F51CAFF41AAF9BEE00F3A803 /* Hornet */,
				F51CAFD41AAF9B7B00F3A803 /* HornetTests */,
				F51CAFB91AAF9B7B00F3A803 /* Products */,
				F51CAFBA1AAF9B7B00F3A803 /* HornetApp */,
			);
			sourceTree = "<group>";
		};
		F51CAFB91AAF9B7B00F3A803 /* Products */ = {
			isa = PBXGroup;
			children = (
				F51CAFB81AAF9B7B00F3A803 /* Hornet.app */,
				F51CAFD11AAF9B7B00F3A803 /* HornetTests.xctest */,
			);
			name = Products;
			sourceTree = "<group>";
		};
		F51CAFBA1AAF9B7B00F3A803 /* HornetApp */ = {
			isa = PBXGroup;
			children = (
				F51CAFE11AAF9BB300F3A803 /* AppDelegate.h */,
				F51CAFE21AAF9BB300F3A803 /* AppDelegate.m */,
				F51CAFE31AAF9BB300F3A803 /* Base.lproj */,
				F51CAFE81AAF9BB300F3A803 /* Images.xcassets */,
				F51CAFE91AAF9BB300F3A803 /* Info.plist */,
				F51CAFEA1AAF9BB300F3A803 /* main.m */,
				F51CAFEB1AAF9BB300F3A803 /* ViewController.h */,
				F51CAFEC1AAF9BB300F3A803 /* ViewController.m */,
			);
			name = HornetApp;
			path = Hornet;
			sourceTree = "<group>";
		};
		F51CAFD41AAF9B7B00F3A803 /* HornetTests */ = {
			isa = PBXGroup;
			children = (
				F51CAFD71AAF9B7B00F3A803 /* HornetTests.m */,
				F51CAFFB1AAF9D3B00F3A803 /* NSObject+PropertiesTests.m */,
				F51CB0001AAFA80900F3A803 /* HornetCoreTests.m */,
				F51CAFD51AAF9B7B00F3A803 /* Supporting Files */,
			);
			path = HornetTests;
			sourceTree = "<group>";
		};
		F51CAFD51AAF9B7B00F3A803 /* Supporting Files */ = {
			isa = PBXGroup;
			children = (
				F51CAFD61AAF9B7B00F3A803 /* Info.plist */,
			);
			name = "Supporting Files";
			sourceTree = "<group>";
		};
		F51CAFE31AAF9BB300F3A803 /* Base.lproj */ = {
			isa = PBXGroup;
			children = (
				F51CAFE41AAF9BB300F3A803 /* LaunchScreen.xib */,
				F51CAFE61AAF9BB300F3A803 /* Main.storyboard */,
			);
			name = Base.lproj;
			path = HornetApp/Base.lproj;
			sourceTree = SOURCE_ROOT;
		};
		F51CAFF41AAF9BEE00F3A803 /* Hornet */ = {
			isa = PBXGroup;
			children = (
				F51CAFF51AAF9C1800F3A803 /* Hornet.h */,
				F51CAFF61AAF9C1800F3A803 /* Hornet.m */,
				F51CAFF81AAF9CE800F3A803 /* NSObject+Properties.h */,
				F51CAFF91AAF9CE800F3A803 /* NSObject+Properties.m */,
				F51CAFFD1AAFA4E700F3A803 /* HornetCore.h */,
				F51CAFFE1AAFA4E700F3A803 /* HornetCore.m */,
			);
			name = Hornet;
			sourceTree = "<group>";
		};
/* End PBXGroup section */

/* Begin PBXNativeTarget section */
		F51CAFB71AAF9B7B00F3A803 /* Hornet */ = {
			isa = PBXNativeTarget;
			buildConfigurationList = F51CAFDB1AAF9B7B00F3A803 /* Build configuration list for PBXNativeTarget "Hornet" */;
			buildPhases = (
				F51CAFB41AAF9B7B00F3A803 /* Sources */,
				F51CAFB51AAF9B7B00F3A803 /* Frameworks */,
				F51CAFB61AAF9B7B00F3A803 /* Resources */,
			);
			buildRules = (
			);
			dependencies = (
			);
			name = Hornet;
			productName = Hornet;
			productReference = F51CAFB81AAF9B7B00F3A803 /* Hornet.app */;
			productType = "com.apple.product-type.application";
		};
		F51CAFD01AAF9B7B00F3A803 /* HornetTests */ = {
			isa = PBXNativeTarget;
			buildConfigurationList = F51CAFDE1AAF9B7B00F3A803 /* Build configuration list for PBXNativeTarget "HornetTests" */;
			buildPhases = (
				F51CAFCD1AAF9B7B00F3A803 /* Sources */,
				F51CAFCE1AAF9B7B00F3A803 /* Frameworks */,
				F51CAFCF1AAF9B7B00F3A803 /* Resources */,
			);
			buildRules = (
			);
			dependencies = (
				F51CAFD31AAF9B7B00F3A803 /* PBXTargetDependency */,
			);
			name = HornetTests;
			productName = HornetTests;
			productReference = F51CAFD11AAF9B7B00F3A803 /* HornetTests.xctest */;
			productType = "com.apple.product-type.bundle.unit-test";
		};
/* End PBXNativeTarget section */

/* Begin PBXProject section */
		F51CAFB01AAF9B7B00F3A803 /* Project object */ = {
			isa = PBXProject;
			attributes = {
				LastUpgradeCheck = 0610;
				ORGANIZATIONNAME = "SO MANY APPS";
				TargetAttributes = {
					F51CAFB71AAF9B7B00F3A803 = {
						CreatedOnToolsVersion = 6.1.1;
					};
					F51CAFD01AAF9B7B00F3A803 = {
						CreatedOnToolsVersion = 6.1.1;
						TestTargetID = F51CAFB71AAF9B7B00F3A803;
					};
				};
			};
			buildConfigurationList = F51CAFB31AAF9B7B00F3A803 /* Build configuration list for PBXProject "Hornet" */;
			compatibilityVersion = "Xcode 3.2";
			developmentRegion = English;
			hasScannedForEncodings = 0;
			knownRegions = (
				en,
				Base,
			);
			mainGroup = F51CAFAF1AAF9B7B00F3A803;
			productRefGroup = F51CAFB91AAF9B7B00F3A803 /* Products */;
			projectDirPath = "";
			projectRoot = "";
			targets = (
				F51CAFB71AAF9B7B00F3A803 /* Hornet */,
				F51CAFD01AAF9B7B00F3A803 /* HornetTests */,
			);
		};
/* End PBXProject section */

/* Begin PBXResourcesBuildPhase section */
		F51CAFB61AAF9B7B00F3A803 /* Resources */ = {
			isa = PBXResourcesBuildPhase;
			buildActionMask = 2147483647;
			files = (
				F51CAFF11AAF9BB300F3A803 /* Info.plist in Resources */,
				F51CAFF01AAF9BB300F3A803 /* Images.xcassets in Resources */,
				F51CAFEE1AAF9BB300F3A803 /* LaunchScreen.xib in Resources */,
				F51CAFEF1AAF9BB300F3A803 /* Main.storyboard in Resources */,
			);
			runOnlyForDeploymentPostprocessing = 0;
		};
		F51CAFCF1AAF9B7B00F3A803 /* Resources */ = {
			isa = PBXResourcesBuildPhase;
			buildActionMask = 2147483647;
			files = (
			);
			runOnlyForDeploymentPostprocessing = 0;
		};
/* End PBXResourcesBuildPhase section */

/* Begin PBXSourcesBuildPhase section */
		F51CAFB41AAF9B7B00F3A803 /* Sources */ = {
			isa = PBXSourcesBuildPhase;
			buildActionMask = 2147483647;
			files = (
				F51CAFF31AAF9BB300F3A803 /* ViewController.m in Sources */,
				F51CAFF21AAF9BB300F3A803 /* main.m in Sources */,
				F51CAFFA1AAF9CE800F3A803 /* NSObject+Properties.m in Sources */,
				F51CAFED1AAF9BB300F3A803 /* AppDelegate.m in Sources */,
				F51CAFFF1AAFA4E700F3A803 /* HornetCore.m in Sources */,
				F51CAFF71AAF9C1800F3A803 /* Hornet.m in Sources */,
			);
			runOnlyForDeploymentPostprocessing = 0;
		};
		F51CAFCD1AAF9B7B00F3A803 /* Sources */ = {
			isa = PBXSourcesBuildPhase;
			buildActionMask = 2147483647;
			files = (
				F51CAFFC1AAF9D3B00F3A803 /* NSObject+PropertiesTests.m in Sources */,
				F51CB0011AAFA80900F3A803 /* HornetCoreTests.m in Sources */,
				F51CAFD81AAF9B7B00F3A803 /* HornetTests.m in Sources */,
			);
			runOnlyForDeploymentPostprocessing = 0;
		};
/* End PBXSourcesBuildPhase section */

/* Begin PBXTargetDependency section */
		F51CAFD31AAF9B7B00F3A803 /* PBXTargetDependency */ = {
			isa = PBXTargetDependency;
			target = F51CAFB71AAF9B7B00F3A803 /* Hornet */;
			targetProxy = F51CAFD21AAF9B7B00F3A803 /* PBXContainerItemProxy */;
		};
/* End PBXTargetDependency section */

/* Begin PBXVariantGroup section */
		F51CAFE41AAF9BB300F3A803 /* LaunchScreen.xib */ = {
			isa = PBXVariantGroup;
			children = (
				F51CAFE51AAF9BB300F3A803 /* Base */,
			);
			name = LaunchScreen.xib;
			sourceTree = "<group>";
		};
		F51CAFE61AAF9BB300F3A803 /* Main.storyboard */ = {
			isa = PBXVariantGroup;
			children = (
				F51CAFE71AAF9BB300F3A803 /* Base */,
			);
			name = Main.storyboard;
			sourceTree = "<group>";
		};
/* End PBXVariantGroup section */

/* Begin XCBuildConfiguration section */
		F51CAFD91AAF9B7B00F3A803 /* Debug */ = {
			isa = XCBuildConfiguration;
			buildSettings = {
				ALWAYS_SEARCH_USER_PATHS = NO;
				CLANG_CXX_LANGUAGE_STANDARD = "gnu++0x";
				CLANG_CXX_LIBRARY = "libc++";
				CLANG_ENABLE_MODULES = YES;
				CLANG_ENABLE_OBJC_ARC = YES;
				CLANG_WARN_BOOL_CONVERSION = YES;
				CLANG_WARN_CONSTANT_CONVERSION = YES;
				CLANG_WARN_DIRECT_OBJC_ISA_USAGE = YES_ERROR;
				CLANG_WARN_EMPTY_BODY = YES;
				CLANG_WARN_ENUM_CONVERSION = YES;
				CLANG_WARN_INT_CONVERSION = YES;
				CLANG_WARN_OBJC_ROOT_CLASS = YES_ERROR;
				CLANG_WARN_UNREACHABLE_CODE = YES;
				CLANG_WARN__DUPLICATE_METHOD_MATCH = YES;
				"CODE_SIGN_IDENTITY[sdk=iphoneos*]" = "iPhone Developer";
				COPY_PHASE_STRIP = NO;
				ENABLE_STRICT_OBJC_MSGSEND = YES;
				GCC_C_LANGUAGE_STANDARD = gnu99;
				GCC_DYNAMIC_NO_PIC = NO;
				GCC_OPTIMIZATION_LEVEL = 0;
				GCC_PREPROCESSOR_DEFINITIONS = (
					"DEBUG=1",
					"$(inherited)",
				);
				GCC_SYMBOLS_PRIVATE_EXTERN = NO;
				GCC_WARN_64_TO_32_BIT_CONVERSION = YES;
				GCC_WARN_ABOUT_RETURN_TYPE = YES_ERROR;
				GCC_WARN_UNDECLARED_SELECTOR = YES;
				GCC_WARN_UNINITIALIZED_AUTOS = YES_AGGRESSIVE;
				GCC_WARN_UNUSED_FUNCTION = YES;
				GCC_WARN_UNUSED_VARIABLE = YES;
				IPHONEOS_DEPLOYMENT_TARGET = 8.1;
				MTL_ENABLE_DEBUG_INFO = YES;
				ONLY_ACTIVE_ARCH = YES;
				SDKROOT = iphoneos;
			};
			name = Debug;
		};
		F51CAFDA1AAF9B7B00F3A803 /* Release */ = {
			isa = XCBuildConfiguration;
			buildSettings = {
				ALWAYS_SEARCH_USER_PATHS = NO;
				CLANG_CXX_LANGUAGE_STANDARD = "gnu++0x";
				CLANG_CXX_LIBRARY = "libc++";
				CLANG_ENABLE_MODULES = YES;
				CLANG_ENABLE_OBJC_ARC = YES;
				CLANG_WARN_BOOL_CONVERSION = YES;
				CLANG_WARN_CONSTANT_CONVERSION = YES;
				CLANG_WARN_DIRECT_OBJC_ISA_USAGE = YES_ERROR;
				CLANG_WARN_EMPTY_BODY = YES;
				CLANG_WARN_ENUM_CONVERSION = YES;
				CLANG_WARN_INT_CONVERSION = YES;
				CLANG_WARN_OBJC_ROOT_CLASS = YES_ERROR;
				CLANG_WARN_UNREACHABLE_CODE = YES;
				CLANG_WARN__DUPLICATE_METHOD_MATCH = YES;
				"CODE_SIGN_IDENTITY[sdk=iphoneos*]" = "iPhone Developer";
				COPY_PHASE_STRIP = YES;
				ENABLE_NS_ASSERTIONS = NO;
				ENABLE_STRICT_OBJC_MSGSEND = YES;
				GCC_C_LANGUAGE_STANDARD = gnu99;
				GCC_WARN_64_TO_32_BIT_CONVERSION = YES;
				GCC_WARN_ABOUT_RETURN_TYPE = YES_ERROR;
				GCC_WARN_UNDECLARED_SELECTOR = YES;
				GCC_WARN_UNINITIALIZED_AUTOS = YES_AGGRESSIVE;
				GCC_WARN_UNUSED_FUNCTION = YES;
				GCC_WARN_UNUSED_VARIABLE = YES;
				IPHONEOS_DEPLOYMENT_TARGET = 8.1;
				MTL_ENABLE_DEBUG_INFO = NO;
				SDKROOT = iphoneos;
				VALIDATE_PRODUCT = YES;
			};
			name = Release;
		};
		F51CAFDC1AAF9B7B00F3A803 /* Debug */ = {
			isa = XCBuildConfiguration;
			buildSettings = {
				ASSETCATALOG_COMPILER_APPICON_NAME = AppIcon;
				INFOPLIST_FILE = HornetApp/Info.plist;
				LD_RUNPATH_SEARCH_PATHS = "$(inherited) @executable_path/Frameworks";
				PRODUCT_NAME = "$(TARGET_NAME)";
			};
			name = Debug;
		};
		F51CAFDD1AAF9B7B00F3A803 /* Release */ = {
			isa = XCBuildConfiguration;
			buildSettings = {
				ASSETCATALOG_COMPILER_APPICON_NAME = AppIcon;
				INFOPLIST_FILE = HornetApp/Info.plist;
				LD_RUNPATH_SEARCH_PATHS = "$(inherited) @executable_path/Frameworks";
				PRODUCT_NAME = "$(TARGET_NAME)";
			};
			name = Release;
		};
		F51CAFDF1AAF9B7B00F3A803 /* Debug */ = {
			isa = XCBuildConfiguration;
			buildSettings = {
				BUNDLE_LOADER = "$(TEST_HOST)";
				FRAMEWORK_SEARCH_PATHS = (
					"$(SDKROOT)/Developer/Library/Frameworks",
					"$(inherited)",
				);
				GCC_PREPROCESSOR_DEFINITIONS = (
					"DEBUG=1",
					"$(inherited)",
				);
				INFOPLIST_FILE = HornetTests/Info.plist;
				LD_RUNPATH_SEARCH_PATHS = "$(inherited) @executable_path/Frameworks @loader_path/Frameworks";
				PRODUCT_NAME = "$(TARGET_NAME)";
				TEST_HOST = "$(BUILT_PRODUCTS_DIR)/Hornet.app/Hornet";
			};
			name = Debug;
		};
		F51CAFE01AAF9B7B00F3A803 /* Release */ = {
			isa = XCBuildConfiguration;
			buildSettings = {
				BUNDLE_LOADER = "$(TEST_HOST)";
				FRAMEWORK_SEARCH_PATHS = (
					"$(SDKROOT)/Developer/Library/Frameworks",
					"$(inherited)",
				);
				INFOPLIST_FILE = HornetTests/Info.plist;
				LD_RUNPATH_SEARCH_PATHS = "$(inherited) @executable_path/Frameworks @loader_path/Frameworks";
				PRODUCT_NAME = "$(TARGET_NAME)";
				TEST_HOST = "$(BUILT_PRODUCTS_DIR)/Hornet.app/Hornet";
			};
			name = Release;
		};
/* End XCBuildConfiguration section */

/* Begin XCConfigurationList section */
		F51CAFB31AAF9B7B00F3A803 /* Build configuration list for PBXProject "Hornet" */ = {
			isa = XCConfigurationList;
			buildConfigurations = (
				F51CAFD91AAF9B7B00F3A803 /* Debug */,
				F51CAFDA1AAF9B7B00F3A803 /* Release */,
			);
			defaultConfigurationIsVisible = 0;
			defaultConfigurationName = Release;
		};
		F51CAFDB1AAF9B7B00F3A803 /* Build configuration list for PBXNativeTarget "Hornet" */ = {
			isa = XCConfigurationList;
			buildConfigurations = (
				F51CAFDC1AAF9B7B00F3A803 /* Debug */,
				F51CAFDD1AAF9B7B00F3A803 /* Release */,
			);
			defaultConfigurationIsVisible = 0;
		};
		F51CAFDE1AAF9B7B00F3A803 /* Build configuration list for PBXNativeTarget "HornetTests" */ = {
			isa = XCConfigurationList;
			buildConfigurations = (
				F51CAFDF1AAF9B7B00F3A803 /* Debug */,
				F51CAFE01AAF9B7B00F3A803 /* Release */,
			);
			defaultConfigurationIsVisible = 0;
		};
/* End XCConfigurationList section */
	};
	rootObject = F51CAFB01AAF9B7B00F3A803 /* Project object */;
}
